
Microsoft Visual Studio Solution File, Format Version 12.00
# Visual Studio Version 17
VisualStudioVersion = 17.6.33723.286
MinimumVisualStudioVersion = 10.0.40219.1
Project("{9A19103F-16F7-4668-BE54-9A1E7A4F7556}") = "ClearSpamWebSite", "ClearSpamWebSite\ClearSpamWebSite.csproj", "{DC166908-9863-496B-B2B8-8D02B9669F34}"
EndProject
Project("{9A19103F-16F7-4668-BE54-9A1E7A4F7556}") = "ClearSpamService", "ClearSpamService\ClearSpamService.csproj", "{2F47782F-79D0-4314-8A6E-2272503FB00C}"
EndProject
Project("{D954291E-2A0B-460D-934E-DC6B0785DB48}") = "ClearSpam.Shared", "ClearSpam.Shared\ClearSpam.Shared.shproj", "{0DDFDA35-17F4-4161-AEC6-888C7AF92B6C}"
EndProject
Global
	GlobalSection(SolutionConfigurationPlatforms) = preSolution
		Debug|Any CPU = Debug|Any CPU
		Release|Any CPU = Release|Any CPU
	EndGlobalSection
	GlobalSection(ProjectConfigurationPlatforms) = postSolution
		{DC166908-9863-496B-B2B8-8D02B9669F34}.Debug|Any CPU.ActiveCfg = Debug|Any CPU
		{DC166908-9863-496B-B2B8-8D02B9669F34}.Debug|Any CPU.Build.0 = Debug|Any CPU
		{DC166908-9863-496B-B2B8-8D02B9669F34}.Release|Any CPU.ActiveCfg = Release|Any CPU
		{DC166908-9863-496B-B2B8-8D02B9669F34}.Release|Any CPU.Build.0 = Release|Any CPU
		{2F47782F-79D0-4314-8A6E-2272503FB00C}.Debug|Any CPU.ActiveCfg = Debug|Any CPU
		{2F47782F-79D0-4314-8A6E-2272503FB00C}.Debug|Any CPU.Build.0 = Debug|Any CPU
		{2F47782F-79D0-4314-8A6E-2272503FB00C}.Release|Any CPU.ActiveCfg = Release|Any CPU
		{2F47782F-79D0-4314-8A6E-2272503FB00C}.Release|Any CPU.Build.0 = Release|Any CPU
	EndGlobalSection
	GlobalSection(SolutionProperties) = preSolution
		HideSolutionNode = FALSE
	EndGlobalSection
	GlobalSection(ExtensibilityGlobals) = postSolution
		SolutionGuid = {CF5BB2B2-F9FF-4095-AC41-4A6BF9133FC2}
	EndGlobalSection
	GlobalSection(SharedMSBuildProjectFiles) = preSolution
		ClearSpam.Shared\ClearSpam.Shared.projitems*{0ddfda35-17f4-4161-aec6-888c7af92b6c}*SharedItemsImports = 13
		ClearSpam.Shared\ClearSpam.Shared.projitems*{2f47782f-79d0-4314-8a6e-2272503fb00c}*SharedItemsImports = 5
		ClearSpam.Shared\ClearSpam.Shared.projitems*{dc166908-9863-496b-b2b8-8d02b9669f34}*SharedItemsImports = 5
	EndGlobalSection
EndGlobal
